
Microsoft Visual Studio Solution File, Format Version 12.00
# Visual Studio Version 17
VisualStudioVersion = 17.14.36408.4 d17.14
MinimumVisualStudioVersion = 10.0.40219.1
Project("{FAE04EC0-301F-11D3-BF4B-00C04F79EFBC}") = "WebParser", "WebParser\WebParser.csproj", "{FEE945B6-FD8A-4245-8791-33F3C73F7B21}"
EndProject
Project("{FAE04EC0-301F-11D3-BF4B-00C04F79EFBC}") = "DatabaseLibrary", "DatabaseLibrary\DatabaseLibrary.csproj", "{54A98737-24E9-4081-A79A-B7907B41FD83}"
EndProject
Project("{FAE04EC0-301F-11D3-BF4B-00C04F79EFBC}") = "DatabaseTests", "DatabaseTests\DatabaseTests.csproj", "{4154A1C2-8090-46BA-AD8E-1FF661DE6B12}"
EndProject
Global
	GlobalSection(SolutionConfigurationPlatforms) = preSolution
		Debug|Any CPU = Debug|Any CPU
		Release|Any CPU = Release|Any CPU
	EndGlobalSection
	GlobalSection(ProjectConfigurationPlatforms) = postSolution
		{FEE945B6-FD8A-4245-8791-33F3C73F7B21}.Debug|Any CPU.ActiveCfg = Debug|Any CPU
		{FEE945B6-FD8A-4245-8791-33F3C73F7B21}.Debug|Any CPU.Build.0 = Debug|Any CPU
		{FEE945B6-FD8A-4245-8791-33F3C73F7B21}.Release|Any CPU.ActiveCfg = Release|Any CPU
		{FEE945B6-FD8A-4245-8791-33F3C73F7B21}.Release|Any CPU.Build.0 = Release|Any CPU
		{54A98737-24E9-4081-A79A-B7907B41FD83}.Debug|Any CPU.ActiveCfg = Debug|Any CPU
		{54A98737-24E9-4081-A79A-B7907B41FD83}.Debug|Any CPU.Build.0 = Debug|Any CPU
		{54A98737-24E9-4081-A79A-B7907B41FD83}.Release|Any CPU.ActiveCfg = Release|Any CPU
		{54A98737-24E9-4081-A79A-B7907B41FD83}.Release|Any CPU.Build.0 = Release|Any CPU
		{4154A1C2-8090-46BA-AD8E-1FF661DE6B12}.Debug|Any CPU.ActiveCfg = Debug|Any CPU
		{4154A1C2-8090-46BA-AD8E-1FF661DE6B12}.Debug|Any CPU.Build.0 = Debug|Any CPU
		{4154A1C2-8090-46BA-AD8E-1FF661DE6B12}.Release|Any CPU.ActiveCfg = Release|Any CPU
		{4154A1C2-8090-46BA-AD8E-1FF661DE6B12}.Release|Any CPU.Build.0 = Release|Any CPU
	EndGlobalSection
	GlobalSection(SolutionProperties) = preSolution
		HideSolutionNode = FALSE
	EndGlobalSection
	GlobalSection(ExtensibilityGlobals) = postSolution
		SolutionGuid = {58B10A31-3A76-477C-875F-7641887CA362}
	EndGlobalSection
EndGlobal
